lockfileVersion: '9.0'

settings:
  autoInstallPeers: true
  excludeLinksFromLockfile: false

importers:

  .:
    dependencies:
      react:
        specifier: ^18
        version: 18.3.1
      react-dom:
        specifier: ^18
        version: 18.3.1(react@18.3.1)
    devDependencies:
      '@biomejs/biome':
        specifier: ^1
        version: 1.9.4
      '@rsbuild/core':
        specifier: ^1
        version: 1.4.11
      '@rsbuild/plugin-react':
        specifier: ^1
        version: 1.3.4(@rsbuild/core@1.4.11)
      '@types/react':
        specifier: ^18
        version: 18.3.23
      '@types/react-dom':
        specifier: ^18
        version: 18.3.7(@types/react@18.3.23)
      typescript:
        specifier: ^5
        version: 5.8.3

packages:

  '@biomejs/biome@1.9.4':
    resolution: {integrity: sha512-1rkd7G70+o9KkTn5KLmDYXihGoTaIGO9PIIN2ZB7UJxFrWw04CZHPYiMRjYsaDvVV7hP1dYNRLxSANLaBFGpog==}
    engines: {node: '>=14.21.3'}
    hasBin: true

  '@biomejs/cli-darwin-arm64@1.9.4':
    resolution: {integrity: sha512-bFBsPWrNvkdKrNCYeAp+xo2HecOGPAy9WyNyB/jKnnedgzl4W4Hb9ZMzYNbf8dMCGmUdSavlYHiR01QaYR58cw==}
    engines: {node: '>=14.21.3'}
    cpu: [arm64]
    os: [darwin]

  '@biomejs/cli-darwin-x64@1.9.4':
    resolution: {integrity: sha512-ngYBh/+bEedqkSevPVhLP4QfVPCpb+4BBe2p7Xs32dBgs7rh9nY2AIYUL6BgLw1JVXV8GlpKmb/hNiuIxfPfZg==}
    engines: {node: '>=14.21.3'}
    cpu: [x64]
    os: [darwin]

  '@biomejs/cli-linux-arm64-musl@1.9.4':
    resolution: {integrity: sha512-v665Ct9WCRjGa8+kTr0CzApU0+XXtRgwmzIf1SeKSGAv+2scAlW6JR5PMFo6FzqqZ64Po79cKODKf3/AAmECqA==}
    engines: {node: '>=14.21.3'}
    cpu: [arm64]
    os: [linux]

  '@biomejs/cli-linux-arm64@1.9.4':
    resolution: {integrity: sha512-fJIW0+LYujdjUgJJuwesP4EjIBl/N/TcOX3IvIHJQNsAqvV2CHIogsmA94BPG6jZATS4Hi+xv4SkBBQSt1N4/g==}
    engines: {node: '>=14.21.3'}
    cpu: [arm64]
    os: [linux]

  '@biomejs/cli-linux-x64-musl@1.9.4':
    resolution: {integrity: sha512-gEhi/jSBhZ2m6wjV530Yy8+fNqG8PAinM3oV7CyO+6c3CEh16Eizm21uHVsyVBEB6RIM8JHIl6AGYCv6Q6Q9Tg==}
    engines: {node: '>=14.21.3'}
    cpu: [x64]
    os: [linux]

  '@biomejs/cli-linux-x64@1.9.4':
    resolution: {integrity: sha512-lRCJv/Vi3Vlwmbd6K+oQ0KhLHMAysN8lXoCI7XeHlxaajk06u7G+UsFSO01NAs5iYuWKmVZjmiOzJ0OJmGsMwg==}
    engines: {node: '>=14.21.3'}
    cpu: [x64]
    os: [linux]

  '@biomejs/cli-win32-arm64@1.9.4':
    resolution: {integrity: sha512-tlbhLk+WXZmgwoIKwHIHEBZUwxml7bRJgk0X2sPyNR3S93cdRq6XulAZRQJ17FYGGzWne0fgrXBKpl7l4M87Hg==}
    engines: {node: '>=14.21.3'}
    cpu: [arm64]
    os: [win32]

  '@biomejs/cli-win32-x64@1.9.4':
    resolution: {integrity: sha512-8Y5wMhVIPaWe6jw2H+KlEm4wP/f7EW3810ZLmDlrEEy5KvBsb9ECEfu/kMWD484ijfQ8+nIi0giMgu9g1UAuuA==}
    engines: {node: '>=14.21.3'}
    cpu: [x64]
    os: [win32]

  '@emnapi/core@1.4.5':
    resolution: {integrity: sha512-XsLw1dEOpkSX/WucdqUhPWP7hDxSvZiY+fsUC14h+FtQ2Ifni4znbBt8punRX+Uj2JG/uDb8nEHVKvrVlvdZ5Q==}

  '@emnapi/runtime@1.4.5':
    resolution: {integrity: sha512-++LApOtY0pEEz1zrd9vy1/zXVaVJJ/EbAF3u0fXIzPJEDtnITsBGbbK0EkM72amhl/R5b+5xx0Y/QhcVOpuulg==}

  '@emnapi/wasi-threads@1.0.4':
    resolution: {integrity: sha512-PJR+bOmMOPH8AtcTGAyYNiuJ3/Fcoj2XN/gBEWzDIKh254XO+mM9XoXHk5GNEhodxeMznbg7BlRojVbKN+gC6g==}

  '@module-federation/error-codes@0.17.0':
    resolution: {integrity: sha512-+pZ12frhaDqh4Xs/MQj4Vu4CAjnJTiEb8Z6fqPfn/TLHh4YLWMOzpzxGuMFDHqXwMb3o8FRAUhNB0eX2ZmhwTA==}

  '@module-federation/runtime-core@0.17.0':
    resolution: {integrity: sha512-MYwDDevYnBB9gXFfNOmJVIX5XZcbCHd0dral7gT7yVmlwOhbuGOLlm2dh2icwwdCYHA9AFDCfU9l1nJR4ex/ng==}

  '@module-federation/runtime-tools@0.17.0':
    resolution: {integrity: sha512-t4QcKfhmwOHedwByDKUlTQVw4+gPotySYPyNa8GFrBSr1F6wcGdGyOhzP+PdgpiJLIM03cB6V+IKGGHE28SfDQ==}

  '@module-federation/runtime@0.17.0':
    resolution: {integrity: sha512-eMtrtCSSV6neJpMmQ8WdFpYv93raSgsG5RiAPsKUuSCXfZ5D+yzvleZ+gPcEpFT9HokmloxAn0jep50/1upTQw==}

  '@module-federation/sdk@0.17.0':
    resolution: {integrity: sha512-tjrNaYdDocHZsWu5iXlm83lwEK8A64r4PQB3/kY1cW1iOvggR2RESLAWPxRJXC2cLF8fg8LDKOBdgERZW1HPFA==}

  '@module-federation/webpack-bundler-runtime@0.17.0':
    resolution: {integrity: sha512-o8XtXwqTDlqLgcALOfObcCbqXvUcSDHIEXrkcb4W+I8GJY7IqV0+x6rX4mJ3f59tca9qOF8zsZsOA6BU93Pvgw==}

  '@napi-rs/wasm-runtime@1.0.1':
    resolution: {integrity: sha512-KVlQ/jgywZpixGCKMNwxStmmbYEMyokZpCf2YuIChhfJA2uqfAKNEM8INz7zzTo55iEXfBhIIs3VqYyqzDLj8g==}

  '@rsbuild/core@1.4.11':
    resolution: {integrity: sha512-G5x7jUGxVw0Z984IEKmOP/tW8gslhUjN81D3fuogKb95hlESWpc+LuckuA5iO1ydbLVrhuYKLv1tC8wTAIDsqA==}
    engines: {node: '>=16.10.0'}
    hasBin: true

  '@rsbuild/plugin-react@1.3.4':
    resolution: {integrity: sha512-PeLmPkUUm+t2cBGBe1WHhw1NNPHDFnKiXnRUGM5WSSlSZWfSi96RbeLqrm+gH6TaefdyvmLvurJu+7tSSUrQjQ==}
    peerDependencies:
      '@rsbuild/core': 1.x

  '@rspack/binding-darwin-arm64@1.4.10':
    resolution: {integrity: sha512-PraYGuVSzvEwdoYC8T70qI/8j1QeUe2sysiWmjSdxUpxJsDfw35hK9TfxULeAJULlAUAiiXs03hdZk29DBc3ow==}
    cpu: [arm64]
    os: [darwin]

  '@rspack/binding-darwin-x64@1.4.10':
    resolution: {integrity: sha512-rWTSJ08TE0uqUjqAHkTmWqJu+FLSJ70A199Fk9k/FLZTS8UtHjuzZW7rv4qIN2nwJJLherxFUnP6y69cHuaGNw==}
    cpu: [x64]
    os: [darwin]

  '@rspack/binding-linux-arm64-gnu@1.4.10':
    resolution: {integrity: sha512-cs6yu250FzRU1hl+02VLoJRdzbAveTOqvREeHgqL5AiTc6q1dQo1IZ16/Qt4+g0DMjnvM66pELRIO2nphXL8aA==}
    cpu: [arm64]
    os: [linux]

  '@rspack/binding-linux-arm64-musl@1.4.10':
    resolution: {integrity: sha512-NnOAoWkpZvOa+xM7NAJg25O+tSKt6xCXoga+gOw5XPni1NxHDc3PNh5bU6fAmc2Z29YLLdxeVqPmIDfdk1EkDg==}
    cpu: [arm64]
    os: [linux]

  '@rspack/binding-linux-x64-gnu@1.4.10':
    resolution: {integrity: sha512-FcaBqMclADWiqX+Mez15kggwaVYZkoEqDiQwYRpYDbBMsiJEtfp41GnNRstTWxYxFbcmuWoZl2cYy+LepR21ag==}
    cpu: [x64]
    os: [linux]

  '@rspack/binding-linux-x64-musl@1.4.10':
    resolution: {integrity: sha512-vgRQhCw+C/Nxv6MZVNUkPzSXs6kIWHIrGKUvOM1ceeAkT+jNFEQdukkQ5LsYgEqEwP9ezWubxN3IGrMxyimlPw==}
    cpu: [x64]
    os: [linux]

  '@rspack/binding-wasm32-wasi@1.4.10':
    resolution: {integrity: sha512-lk647+Ob3yvVS2FgW0vCfo/gz9h0Q7v9HGBFcsD1uW0/tSqXMa2s9ZvIn+B7S9tRgIoosXEAuq8NeCXKGWVj5Q==}
    cpu: [wasm32]

  '@rspack/binding-win32-arm64-msvc@1.4.10':
    resolution: {integrity: sha512-9mB3kh4pKaY4wFosZwuxb5EUtt7vv/uKW3OF4TJDC35bH7r54s+YYpHyXROT304r6URl4b6HNHlysL2m7BLihg==}
    cpu: [arm64]
    os: [win32]

  '@rspack/binding-win32-ia32-msvc@1.4.10':
    resolution: {integrity: sha512-DPlyLZDUWkNcFI7zp1BQVVnihd4j/hCIbxqvIKvUt7whIVYMP52i8lCsa52uNGBSj7BcbcKAFElXC9dHVvoQGA==}
    cpu: [ia32]
    os: [win32]

  '@rspack/binding-win32-x64-msvc@1.4.10':
    resolution: {integrity: sha512-FEE6OM0Wh7nj90+1ARXojT0Dnqox9UlIUIj7MQmX09yeMtckR+HITeq75F8y0l7HUvKOl2zQovmenk1KgyJV8Q==}
    cpu: [x64]
    os: [win32]

  '@rspack/binding@1.4.10':
    resolution: {integrity: sha512-awiXN7qTTTLWFThbJFL+M4k1if4sb17xKA5TaHbbxs0qKSlpe3adwNrNHaNU2WOQz+PbuF++OMyd+4gUusKuVg==}

  '@rspack/core@1.4.10':
    resolution: {integrity: sha512-eK3H328pihiM1323OlaClKJ9WlqgGBZpcR5AqFoWsG0KD01tKCJOeZEgtCY6paRLrsQrEJwBrLntkG0fE7WNGg==}
    engines: {node: '>=16.0.0'}
    peerDependencies:
      '@swc/helpers': '>=0.5.1'
    peerDependenciesMeta:
      '@swc/helpers':
        optional: true

  '@rspack/lite-tapable@1.0.1':
    resolution: {integrity: sha512-VynGOEsVw2s8TAlLf/uESfrgfrq2+rcXB1muPJYBWbsm1Oa6r5qVQhjA5ggM6z/coYPrsVMgovl3Ff7Q7OCp1w==}
    engines: {node: '>=16.0.0'}

  '@rspack/plugin-react-refresh@1.4.3':
    resolution: {integrity: sha512-wZx4vWgy5oMEvgyNGd/oUKcdnKaccYWHCRkOqTdAPJC3WcytxhTX+Kady8ERurSBiLyQpoMiU3Iyd+F1Y2Arbw==}
    peerDependencies:
      react-refresh: '>=0.10.0 <1.0.0'
      webpack-hot-middleware: 2.x
    peerDependenciesMeta:
      webpack-hot-middleware:
        optional: true

  '@swc/helpers@0.5.17':
    resolution: {integrity: sha512-5IKx/Y13RsYd+sauPb2x+U/xZikHjolzfuDgTAl/Tdf3Q8rslRvC19NKDLgAJQ6wsqADk10ntlv08nPFw/gO/A==}

  '@tybys/wasm-util@0.10.0':
    resolution: {integrity: sha512-VyyPYFlOMNylG45GoAe0xDoLwWuowvf92F9kySqzYh8vmYm7D2u4iUJKa1tOUpS70Ku13ASrOkS4ScXFsTaCNQ==}

  '@types/prop-types@15.7.15':
    resolution: {integrity: sha512-F6bEyamV9jKGAFBEmlQnesRPGOQqS2+Uwi0Em15xenOxHaf2hv6L8YCVn3rPdPJOiJfPiCnLIRyvwVaqMY3MIw==}

  '@types/react-dom@18.3.7':
    resolution: {integrity: sha512-MEe3UeoENYVFXzoXEWsvcpg6ZvlrFNlOQ7EOsvhI3CfAXwzPfO8Qwuxd40nepsYKqyyVQnTdEfv68q91yLcKrQ==}
    peerDependencies:
      '@types/react': ^18.0.0

  '@types/react@18.3.23':
    resolution: {integrity: sha512-/LDXMQh55EzZQ0uVAZmKKhfENivEvWz6E+EYzh+/MCjMhNsotd+ZHhBGIjFDTi6+fz0OhQQQLbTgdQIxxCsC0w==}

  core-js@3.44.0:
    resolution: {integrity: sha512-aFCtd4l6GvAXwVEh3XbbVqJGHDJt0OZRa+5ePGx3LLwi12WfexqQxcsohb2wgsa/92xtl19Hd66G/L+TaAxDMw==}

  csstype@3.1.3:
    resolution: {integrity: sha512-M1uQkMl8rQK/szD0LNhtqxIPLpimGm8sOBwU7lLnCpSbTyY3yeU1Vc7l4KT5zT4s/yOxHH5O7tIuuLOCnLADRw==}

  error-stack-parser@2.1.4:
    resolution: {integrity: sha512-Sk5V6wVazPhq5MhpO+AUxJn5x7XSXGl1R93Vn7i+zS15KDVxQijejNCrz8340/2bgLBjR9GtEG8ZVKONDjcqGQ==}

  html-entities@2.6.0:
    resolution: {integrity: sha512-kig+rMn/QOVRvr7c86gQ8lWXq+Hkv6CbAH1hLu+RG338StTpE8Z0b44SDVaqVu7HGKf27frdmUYEs9hTUX/cLQ==}

  jiti@2.5.1:
    resolution: {integrity: sha512-twQoecYPiVA5K/h6SxtORw/Bs3ar+mLUtoPSc7iMXzQzK8d7eJ/R09wmTwAjiamETn1cXYPGfNnu7DMoHgu12w==}
    hasBin: true

  js-tokens@4.0.0:
    resolution: {integrity: sha512-RdJUflcE3cUzKiMqQgsCu06FPu9UdIJO0beYbPhHN4k6apgJtifcoCtT9bcxOpYBtpD2kCM6Sbzg4CausW/PKQ==}

  loose-envify@1.4.0:
    resolution: {integrity: sha512-lyuxPGr/Wfhrlem2CL/UcnUc1zcqKAImBDzukY7Y5F/yQiNdko6+fRLevlw1HgMySw7f611UIY408EtxRSoK3Q==}
    hasBin: true

  react-dom@18.3.1:
    resolution: {integrity: sha512-5m4nQKp+rZRb09LNH59GM4BxTh9251/ylbKIbpe7TpGxfJ+9kv6BLkLBXIjjspbgbnIBNqlI23tRnTWT0snUIw==}
    peerDependencies:
      react: ^18.3.1

  react-refresh@0.17.0:
    resolution: {integrity: sha512-z6F7K9bV85EfseRCp2bzrpyQ0Gkw1uLoCel9XBVWPg/TjRj94SkJzUTGfOa4bs7iJvBWtQG0Wq7wnI0syw3EBQ==}
    engines: {node: '>=0.10.0'}

  react@18.3.1:
    resolution: {integrity: sha512-wS+hAgJShR0KhEvPJArfuPVN1+Hz1t0Y6n5jLrGQbkb4urgPE/0Rve+1kMB1v/oWgHgm4WIcV+i7F2pTVj+2iQ==}
    engines: {node: '>=0.10.0'}

  scheduler@0.23.2:
    resolution: {integrity: sha512-UOShsPwz7NrMUqhR6t0hWjFduvOzbtv7toDH1/hIrfRNIDBnnBWd0CwJTGvTpngVlmwGCdP9/Zl/tVrDqcuYzQ==}

  stackframe@1.3.4:
    resolution: {integrity: sha512-oeVtt7eWQS+Na6F//S4kJ2K2VbRlS9D43mAlMyVpVWovy9o+jfgH8O9agzANzaiLjclA0oYzUXEM4PurhSUChw==}

  tslib@2.8.1:
    resolution: {integrity: sha512-oJFu94HQb+KVduSUQL7wnpmqnfmLsOA/nAh6b6EH0wCEoK0/mPeXU6c3wKDV83MkOuHPRHtSXKKU99IBazS/2w==}

  typescript@5.8.3:
    resolution: {integrity: sha512-p1diW6TqL9L07nNxvRMM7hMMw4c5XOo/1ibL4aAIGmSAt9slTE1Xgw5KWuof2uTOvCg9BY7ZRi+GaF+7sfgPeQ==}
    engines: {node: '>=14.17'}
    hasBin: true

snapshots:

  '@biomejs/biome@1.9.4':
    optionalDependencies:
      '@biomejs/cli-darwin-arm64': 1.9.4
      '@biomejs/cli-darwin-x64': 1.9.4
      '@biomejs/cli-linux-arm64': 1.9.4
      '@biomejs/cli-linux-arm64-musl': 1.9.4
      '@biomejs/cli-linux-x64': 1.9.4
      '@biomejs/cli-linux-x64-musl': 1.9.4
      '@biomejs/cli-win32-arm64': 1.9.4
      '@biomejs/cli-win32-x64': 1.9.4

  '@biomejs/cli-darwin-arm64@1.9.4':
    optional: true

  '@biomejs/cli-darwin-x64@1.9.4':
    optional: true

  '@biomejs/cli-linux-arm64-musl@1.9.4':
    optional: true

  '@biomejs/cli-linux-arm64@1.9.4':
    optional: true

  '@biomejs/cli-linux-x64-musl@1.9.4':
    optional: true

  '@biomejs/cli-linux-x64@1.9.4':
    optional: true

  '@biomejs/cli-win32-arm64@1.9.4':
    optional: true

  '@biomejs/cli-win32-x64@1.9.4':
    optional: true

  '@emnapi/core@1.4.5':
    dependencies:
      '@emnapi/wasi-threads': 1.0.4
      tslib: 2.8.1
    optional: true

  '@emnapi/runtime@1.4.5':
    dependencies:
      tslib: 2.8.1
    optional: true

  '@emnapi/wasi-threads@1.0.4':
    dependencies:
      tslib: 2.8.1
    optional: true

  '@module-federation/error-codes@0.17.0': {}

  '@module-federation/runtime-core@0.17.0':
    dependencies:
      '@module-federation/error-codes': 0.17.0
      '@module-federation/sdk': 0.17.0

  '@module-federation/runtime-tools@0.17.0':
    dependencies:
      '@module-federation/runtime': 0.17.0
      '@module-federation/webpack-bundler-runtime': 0.17.0

  '@module-federation/runtime@0.17.0':
    dependencies:
      '@module-federation/error-codes': 0.17.0
      '@module-federation/runtime-core': 0.17.0
      '@module-federation/sdk': 0.17.0

  '@module-federation/sdk@0.17.0': {}

  '@module-federation/webpack-bundler-runtime@0.17.0':
    dependencies:
      '@module-federation/runtime': 0.17.0
      '@module-federation/sdk': 0.17.0

  '@napi-rs/wasm-runtime@1.0.1':
    dependencies:
      '@emnapi/core': 1.4.5
      '@emnapi/runtime': 1.4.5
      '@tybys/wasm-util': 0.10.0
    optional: true

  '@rsbuild/core@1.4.11':
    dependencies:
      '@rspack/core': 1.4.10(@swc/helpers@0.5.17)
      '@rspack/lite-tapable': 1.0.1
      '@swc/helpers': 0.5.17
      core-js: 3.44.0
      jiti: 2.5.1

  '@rsbuild/plugin-react@1.3.4(@rsbuild/core@1.4.11)':
    dependencies:
      '@rsbuild/core': 1.4.11
      '@rspack/plugin-react-refresh': 1.4.3(react-refresh@0.17.0)
      react-refresh: 0.17.0
    transitivePeerDependencies:
      - webpack-hot-middleware

  '@rspack/binding-darwin-arm64@1.4.10':
    optional: true

  '@rspack/binding-darwin-x64@1.4.10':
    optional: true

  '@rspack/binding-linux-arm64-gnu@1.4.10':
    optional: true

  '@rspack/binding-linux-arm64-musl@1.4.10':
    optional: true

  '@rspack/binding-linux-x64-gnu@1.4.10':
    optional: true

  '@rspack/binding-linux-x64-musl@1.4.10':
    optional: true

  '@rspack/binding-wasm32-wasi@1.4.10':
    dependencies:
      '@napi-rs/wasm-runtime': 1.0.1
    optional: true

  '@rspack/binding-win32-arm64-msvc@1.4.10':
    optional: true

  '@rspack/binding-win32-ia32-msvc@1.4.10':
    optional: true

  '@rspack/binding-win32-x64-msvc@1.4.10':
    optional: true

  '@rspack/binding@1.4.10':
    optionalDependencies:
      '@rspack/binding-darwin-arm64': 1.4.10
      '@rspack/binding-darwin-x64': 1.4.10
      '@rspack/binding-linux-arm64-gnu': 1.4.10
      '@rspack/binding-linux-arm64-musl': 1.4.10
      '@rspack/binding-linux-x64-gnu': 1.4.10
      '@rspack/binding-linux-x64-musl': 1.4.10
      '@rspack/binding-wasm32-wasi': 1.4.10
      '@rspack/binding-win32-arm64-msvc': 1.4.10
      '@rspack/binding-win32-ia32-msvc': 1.4.10
      '@rspack/binding-win32-x64-msvc': 1.4.10

  '@rspack/core@1.4.10(@swc/helpers@0.5.17)':
    dependencies:
      '@module-federation/runtime-tools': 0.17.0
      '@rspack/binding': 1.4.10
      '@rspack/lite-tapable': 1.0.1
    optionalDependencies:
      '@swc/helpers': 0.5.17

  '@rspack/lite-tapable@1.0.1': {}

  '@rspack/plugin-react-refresh@1.4.3(react-refresh@0.17.0)':
    dependencies:
      error-stack-parser: 2.1.4
      html-entities: 2.6.0
      react-refresh: 0.17.0

  '@swc/helpers@0.5.17':
    dependencies:
      tslib: 2.8.1

  '@tybys/wasm-util@0.10.0':
    dependencies:
      tslib: 2.8.1
    optional: true

  '@types/prop-types@15.7.15': {}

  '@types/react-dom@18.3.7(@types/react@18.3.23)':
    dependencies:
      '@types/react': 18.3.23

  '@types/react@18.3.23':
    dependencies:
      '@types/prop-types': 15.7.15
      csstype: 3.1.3

  core-js@3.44.0: {}

  csstype@3.1.3: {}

  error-stack-parser@2.1.4:
    dependencies:
      stackframe: 1.3.4

  html-entities@2.6.0: {}

  jiti@2.5.1: {}

  js-tokens@4.0.0: {}

  loose-envify@1.4.0:
    dependencies:
      js-tokens: 4.0.0

  react-dom@18.3.1(react@18.3.1):
    dependencies:
      loose-envify: 1.4.0
      react: 18.3.1
      scheduler: 0.23.2

  react-refresh@0.17.0: {}

  react@18.3.1:
    dependencies:
      loose-envify: 1.4.0

  scheduler@0.23.2:
    dependencies:
      loose-envify: 1.4.0

  stackframe@1.3.4: {}

  tslib@2.8.1: {}

  typescript@5.8.3: {}
