lockfileVersion: '9.0'

settings:
  autoInstallPeers: true
  excludeLinksFromLockfile: false

importers:

  .:
    dependencies:
      '@tanstack/react-form':
        specifier: ^1.15.0
        version: 1.15.0(react-dom@19.1.0(react@19.1.0))(react@19.1.0)

packages:

  '@tanstack/form-core@1.15.0':
    resolution: {integrity: sha512-zMNyxb/J/JnFmW4Gzb1TSxaXmwNhvsaF9p3dGRpE93TMGp2ojPKK7V5LZ43ZV7iFTYWTL8NOIU8ZXuf9qZVkmw==}

  '@tanstack/react-form@1.15.0':
    resolution: {integrity: sha512-bAawFDxR1wLn+eXli6MSyS4Nw0vTyHuW3CybjZGtk7NIcYxyaAm9cW/jPUX2j/KMDtjVNg5RMpfmufxDrsNHyA==}
    peerDependencies:
      '@tanstack/react-start': ^1.112.0
      react: ^17.0.0 || ^18.0.0 || ^19.0.0
      vinxi: ^0.5.0
    peerDependenciesMeta:
      '@tanstack/react-start':
        optional: true
      vinxi:
        optional: true

  '@tanstack/react-store@0.7.3':
    resolution: {integrity: sha512-3Dnqtbw9P2P0gw8uUM8WP2fFfg8XMDSZCTsywRPZe/XqqYW8PGkXKZTvP0AHkE4mpqP9Y43GpOg9vwO44azu6Q==}
    peerDependencies:
      react: ^16.8.0 || ^17.0.0 || ^18.0.0 || ^19.0.0
      react-dom: ^16.8.0 || ^17.0.0 || ^18.0.0 || ^19.0.0

  '@tanstack/store@0.7.2':
    resolution: {integrity: sha512-RP80Z30BYiPX2Pyo0Nyw4s1SJFH2jyM6f9i3HfX4pA+gm5jsnYryscdq2aIQLnL4TaGuQMO+zXmN9nh1Qck+Pg==}

  decode-formdata@0.9.0:
    resolution: {integrity: sha512-q5uwOjR3Um5YD+ZWPOF/1sGHVW9A5rCrRwITQChRXlmPkxDFBqCm4jNTIVdGHNH9OnR+V9MoZVgRhsFb+ARbUw==}

  devalue@5.1.1:
    resolution: {integrity: sha512-maua5KUiapvEwiEAe+XnlZ3Rh0GD+qI1J/nb9vrJc3muPXvcF/8gXYTWF76+5DAqHyDUtOIImEuo0YKE9mshVw==}

  react-dom@19.1.0:
    resolution: {integrity: sha512-Xs1hdnE+DyKgeHJeJznQmYMIBG3TKIHJJT95Q58nHLSrElKlGQqDTR2HQ9fx5CN/Gk6Vh/kupBTDLU11/nDk/g==}
    peerDependencies:
      react: ^19.1.0

  react@19.1.0:
    resolution: {integrity: sha512-FS+XFBNvn3GTAWq26joslQgWNoFu08F4kl0J4CgdNKADkdSGXQyTCnKteIAJy96Br6YbpEU1LSzV5dYtjMkMDg==}
    engines: {node: '>=0.10.0'}

  scheduler@0.26.0:
    resolution: {integrity: sha512-NlHwttCI/l5gCPR3D1nNXtWABUmBwvZpEQiD4IXSbIDq8BzLIK/7Ir5gTFSGZDUu37K5cMNp0hFtzO38sC7gWA==}

  use-sync-external-store@1.5.0:
    resolution: {integrity: sha512-Rb46I4cGGVBmjamjphe8L/UnvJD+uPPtTkNvX5mZgqdbavhI4EbgIWJiIHXJ8bc/i9EQGPRh4DwEURJ552Do0A==}
    peerDependencies:
      react: ^16.8.0 || ^17.0.0 || ^18.0.0 || ^19.0.0

snapshots:

  '@tanstack/form-core@1.15.0':
    dependencies:
      '@tanstack/store': 0.7.2

  '@tanstack/react-form@1.15.0(react-dom@19.1.0(react@19.1.0))(react@19.1.0)':
    dependencies:
      '@tanstack/form-core': 1.15.0
      '@tanstack/react-store': 0.7.3(react-dom@19.1.0(react@19.1.0))(react@19.1.0)
      decode-formdata: 0.9.0
      devalue: 5.1.1
      react: 19.1.0
    transitivePeerDependencies:
      - react-dom

  '@tanstack/react-store@0.7.3(react-dom@19.1.0(react@19.1.0))(react@19.1.0)':
    dependencies:
      '@tanstack/store': 0.7.2
      react: 19.1.0
      react-dom: 19.1.0(react@19.1.0)
      use-sync-external-store: 1.5.0(react@19.1.0)

  '@tanstack/store@0.7.2': {}

  decode-formdata@0.9.0: {}

  devalue@5.1.1: {}

  react-dom@19.1.0(react@19.1.0):
    dependencies:
      react: 19.1.0
      scheduler: 0.26.0

  react@19.1.0: {}

  scheduler@0.26.0: {}

  use-sync-external-store@1.5.0(react@19.1.0):
    dependencies:
      react: 19.1.0
